
Microsoft Visual Studio Solution File, Format Version 12.00
# Visual Studio Version 16
VisualStudioVersion = 25.0.1704.3
MinimumVisualStudioVersion = 10.0.40219.1
Project("{FAE04EC0-301F-11D3-BF4B-00C04F79EFBC}") = "TestAutoMigrartion", "TestAutoMigrartion.csproj", "{384535AA-6EFE-4CFC-A75C-4601DB5E8CDB}"
EndProject
Global
	GlobalSection(SolutionConfigurationPlatforms) = preSolution
		Debug|Any CPU = Debug|Any CPU
		Release|Any CPU = Release|Any CPU
	EndGlobalSection
	GlobalSection(ProjectConfigurationPlatforms) = postSolution
		{384535AA-6EFE-4CFC-A75C-4601DB5E8CDB}.Debug|Any CPU.ActiveCfg = Debug|Any CPU
		{384535AA-6EFE-4CFC-A75C-4601DB5E8CDB}.Debug|Any CPU.Build.0 = Debug|Any CPU
		{384535AA-6EFE-4CFC-A75C-4601DB5E8CDB}.Release|Any CPU.ActiveCfg = Release|Any CPU
		{384535AA-6EFE-4CFC-A75C-4601DB5E8CDB}.Release|Any CPU.Build.0 = Release|Any CPU
	EndGlobalSection
	GlobalSection(SolutionProperties) = preSolution
		HideSolutionNode = FALSE
	EndGlobalSection
	GlobalSection(ExtensibilityGlobals) = postSolution
		SolutionGuid = {4712B087-1DC2-485B-9E4F-A8B08EB89EE1}
	EndGlobalSection
EndGlobal
